
Microsoft Visual Studio Solution File, Format Version 12.00
# Visual Studio Version 16
VisualStudioVersion = 16.0.31025.194
MinimumVisualStudioVersion = 10.0.40219.1
Project("{8BC9CEB8-8B4A-11D0-8D11-00A0C91BC942}") = "DataStructure_Week3", "DataStructure_Week3\DataStructure_Week3.vcxproj", "{FD3F1E8F-8A3E-4DA2-A9C6-FD69D26824E8}"
EndProject
Project("{8BC9CEB8-8B4A-11D0-8D11-00A0C91BC942}") = "DataStructure_week4", "..\DataStructure_week4\DataStructure_week4\DataStructure_week4.vcxproj", "{D50B5609-14CE-40D1-BF48-CA12849BB508}"
EndProject
Global
	GlobalSection(SolutionConfigurationPlatforms) = preSolution
		Debug|x64 = Debug|x64
		Debug|x86 = Debug|x86
		Release|x64 = Release|x64
		Release|x86 = Release|x86
	EndGlobalSection
	GlobalSection(ProjectConfigurationPlatforms) = postSolution
		{FD3F1E8F-8A3E-4DA2-A9C6-FD69D26824E8}.Debug|x64.ActiveCfg = Debug|x64
		{FD3F1E8F-8A3E-4DA2-A9C6-FD69D26824E8}.Debug|x64.Build.0 = Debug|x64
		{FD3F1E8F-8A3E-4DA2-A9C6-FD69D26824E8}.Debug|x86.ActiveCfg = Debug|Win32
		{FD3F1E8F-8A3E-4DA2-A9C6-FD69D26824E8}.Debug|x86.Build.0 = Debug|Win32
		{FD3F1E8F-8A3E-4DA2-A9C6-FD69D26824E8}.Release|x64.ActiveCfg = Release|x64
		{FD3F1E8F-8A3E-4DA2-A9C6-FD69D26824E8}.Release|x64.Build.0 = Release|x64
		{FD3F1E8F-8A3E-4DA2-A9C6-FD69D26824E8}.Release|x86.ActiveCfg = Release|Win32
		{FD3F1E8F-8A3E-4DA2-A9C6-FD69D26824E8}.Release|x86.Build.0 = Release|Win32
		{D50B5609-14CE-40D1-BF48-CA12849BB508}.Debug|x64.ActiveCfg = Debug|x64
		{D50B5609-14CE-40D1-BF48-CA12849BB508}.Debug|x64.Build.0 = Debug|x64
		{D50B5609-14CE-40D1-BF48-CA12849BB508}.Debug|x86.ActiveCfg = Debug|Win32
		{D50B5609-14CE-40D1-BF48-CA12849BB508}.Debug|x86.Build.0 = Debug|Win32
		{D50B5609-14CE-40D1-BF48-CA12849BB508}.Release|x64.ActiveCfg = Release|x64
		{D50B5609-14CE-40D1-BF48-CA12849BB508}.Release|x64.Build.0 = Release|x64
		{D50B5609-14CE-40D1-BF48-CA12849BB508}.Release|x86.ActiveCfg = Release|Win32
		{D50B5609-14CE-40D1-BF48-CA12849BB508}.Release|x86.Build.0 = Release|Win32
	EndGlobalSection
	GlobalSection(SolutionProperties) = preSolution
		HideSolutionNode = FALSE
	EndGlobalSection
	GlobalSection(ExtensibilityGlobals) = postSolution
		SolutionGuid = {E3983822-0D90-472C-A06D-510FEA354F33}
	EndGlobalSection
EndGlobal
